
Microsoft Visual Studio Solution File, Format Version 12.00
# Visual Studio Version 16
VisualStudioVersion = 16.0.31424.327
MinimumVisualStudioVersion = 10.0.40219.1
Project("{FAE04EC0-301F-11D3-BF4B-00C04F79EFBC}") = "FoodTruck", "FoodTruck\FoodTruck.csproj", "{E0379E31-64BE-4FA9-A2F3-1DFC4E636CBC}"
EndProject
Global
	GlobalSection(SolutionConfigurationPlatforms) = preSolution
		Debug|Any CPU = Debug|Any CPU
		Release|Any CPU = Release|Any CPU
	EndGlobalSection
	GlobalSection(ProjectConfigurationPlatforms) = postSolution
		{E0379E31-64BE-4FA9-A2F3-1DFC4E636CBC}.Debug|Any CPU.ActiveCfg = Debug|Any CPU
		{E0379E31-64BE-4FA9-A2F3-1DFC4E636CBC}.Debug|Any CPU.Build.0 = Debug|Any CPU
		{E0379E31-64BE-4FA9-A2F3-1DFC4E636CBC}.Release|Any CPU.ActiveCfg = Release|Any CPU
		{E0379E31-64BE-4FA9-A2F3-1DFC4E636CBC}.Release|Any CPU.Build.0 = Release|Any CPU
	EndGlobalSection
	GlobalSection(SolutionProperties) = preSolution
		HideSolutionNode = FALSE
	EndGlobalSection
	GlobalSection(ExtensibilityGlobals) = postSolution
		SolutionGuid = {91DA533C-B15E-4678-9E46-0F774CA927C1}
	EndGlobalSection
EndGlobal
