
Microsoft Visual Studio Solution File, Format Version 12.00
# Visual Studio Version 16
VisualStudioVersion = 16.0.31424.327
MinimumVisualStudioVersion = 10.0.40219.1
Project("{FAE04EC0-301F-11D3-BF4B-00C04F79EFBC}") = "AllCodingProjectsFromNowUntilTheEnd", "AllCodingProjectsFromNowUntilTheEnd\AllCodingProjectsFromNowUntilTheEnd.csproj", "{3315EBFC-276C-4BAC-9C87-39EC768C36F3}"
EndProject
Global
	GlobalSection(SolutionConfigurationPlatforms) = preSolution
		Debug|Any CPU = Debug|Any CPU
		Release|Any CPU = Release|Any CPU
	EndGlobalSection
	GlobalSection(ProjectConfigurationPlatforms) = postSolution
		{3315EBFC-276C-4BAC-9C87-39EC768C36F3}.Debug|Any CPU.ActiveCfg = Debug|Any CPU
		{3315EBFC-276C-4BAC-9C87-39EC768C36F3}.Debug|Any CPU.Build.0 = Debug|Any CPU
		{3315EBFC-276C-4BAC-9C87-39EC768C36F3}.Release|Any CPU.ActiveCfg = Release|Any CPU
		{3315EBFC-276C-4BAC-9C87-39EC768C36F3}.Release|Any CPU.Build.0 = Release|Any CPU
	EndGlobalSection
	GlobalSection(SolutionProperties) = preSolution
		HideSolutionNode = FALSE
	EndGlobalSection
	GlobalSection(ExtensibilityGlobals) = postSolution
		SolutionGuid = {04717E99-1FAC-4D4C-A7FD-E34D3B5D0733}
	EndGlobalSection
EndGlobal
