
Microsoft Visual Studio Solution File, Format Version 12.00
# Visual Studio Version 16
VisualStudioVersion = 16.0.31424.327
MinimumVisualStudioVersion = 10.0.40219.1
Project("{FAE04EC0-301F-11D3-BF4B-00C04F79EFBC}") = "CodecademyAssignment1", "CodecademyAssignment1\CodecademyAssignment1.csproj", "{FDA54DA2-6902-47EB-9F59-341320C9773E}"
EndProject
Global
	GlobalSection(SolutionConfigurationPlatforms) = preSolution
		Debug|Any CPU = Debug|Any CPU
		Release|Any CPU = Release|Any CPU
	EndGlobalSection
	GlobalSection(ProjectConfigurationPlatforms) = postSolution
		{FDA54DA2-6902-47EB-9F59-341320C9773E}.Debug|Any CPU.ActiveCfg = Debug|Any CPU
		{FDA54DA2-6902-47EB-9F59-341320C9773E}.Debug|Any CPU.Build.0 = Debug|Any CPU
		{FDA54DA2-6902-47EB-9F59-341320C9773E}.Release|Any CPU.ActiveCfg = Release|Any CPU
		{FDA54DA2-6902-47EB-9F59-341320C9773E}.Release|Any CPU.Build.0 = Release|Any CPU
	EndGlobalSection
	GlobalSection(SolutionProperties) = preSolution
		HideSolutionNode = FALSE
	EndGlobalSection
	GlobalSection(ExtensibilityGlobals) = postSolution
		SolutionGuid = {6A02AEC3-98B2-471C-96F5-A6BAEA12B995}
	EndGlobalSection
EndGlobal
