
Microsoft Visual Studio Solution File, Format Version 12.00
# Visual Studio Version 16
VisualStudioVersion = 16.0.31424.327
MinimumVisualStudioVersion = 10.0.40219.1
Project("{FAE04EC0-301F-11D3-BF4B-00C04F79EFBC}") = "LearningCSharp", "LearningCSharp\LearningCSharp.csproj", "{A8C325BE-1DF6-45E0-8EF8-65A8A31AF6E0}"
EndProject
Global
	GlobalSection(SolutionConfigurationPlatforms) = preSolution
		Debug|Any CPU = Debug|Any CPU
		Release|Any CPU = Release|Any CPU
	EndGlobalSection
	GlobalSection(ProjectConfigurationPlatforms) = postSolution
		{A8C325BE-1DF6-45E0-8EF8-65A8A31AF6E0}.Debug|Any CPU.ActiveCfg = Debug|Any CPU
		{A8C325BE-1DF6-45E0-8EF8-65A8A31AF6E0}.Debug|Any CPU.Build.0 = Debug|Any CPU
		{A8C325BE-1DF6-45E0-8EF8-65A8A31AF6E0}.Release|Any CPU.ActiveCfg = Release|Any CPU
		{A8C325BE-1DF6-45E0-8EF8-65A8A31AF6E0}.Release|Any CPU.Build.0 = Release|Any CPU
	EndGlobalSection
	GlobalSection(SolutionProperties) = preSolution
		HideSolutionNode = FALSE
	EndGlobalSection
	GlobalSection(ExtensibilityGlobals) = postSolution
		SolutionGuid = {99D65F9F-D603-49DD-9472-CCF6AF042ED7}
	EndGlobalSection
EndGlobal
